
Microsoft Visual Studio Solution File, Format Version 12.00
# Visual Studio Version 16
VisualStudioVersion = 16.0.30907.101
MinimumVisualStudioVersion = 10.0.40219.1
Project("{FAE04EC0-301F-11D3-BF4B-00C04F79EFBC}") = "ConfirmWinApp", "WindowsFormsApp1\ConfirmWinApp.csproj", "{7F3C0167-6E5A-4A0D-AD3A-770495AA6275}"
EndProject
Global
	GlobalSection(SolutionConfigurationPlatforms) = preSolution
		Debug|Any CPU = Debug|Any CPU
		Release|Any CPU = Release|Any CPU
	EndGlobalSection
	GlobalSection(ProjectConfigurationPlatforms) = postSolution
		{7F3C0167-6E5A-4A0D-AD3A-770495AA6275}.Debug|Any CPU.ActiveCfg = Debug|Any CPU
		{7F3C0167-6E5A-4A0D-AD3A-770495AA6275}.Debug|Any CPU.Build.0 = Debug|Any CPU
		{7F3C0167-6E5A-4A0D-AD3A-770495AA6275}.Release|Any CPU.ActiveCfg = Release|Any CPU
		{7F3C0167-6E5A-4A0D-AD3A-770495AA6275}.Release|Any CPU.Build.0 = Release|Any CPU
	EndGlobalSection
	GlobalSection(SolutionProperties) = preSolution
		HideSolutionNode = FALSE
	EndGlobalSection
	GlobalSection(ExtensibilityGlobals) = postSolution
		SolutionGuid = {31C7894C-6E63-4DF6-9F57-14899D893923}
	EndGlobalSection
EndGlobal
